{
  "nodes": {
    "flake-compat": {
      "flake": false,
      "locked": {
        "lastModified": 1696426674,
        "narHash": "sha256-kvjfFW7WAETZlt09AgDn1MrtKzP7t90Vf7vypd3OL1U=",
        "owner": "edolstra",
        "repo": "flake-compat",
        "rev": "0f9255e01c2351cc7d116c072cb317785dd33b33",
        "type": "github"
      },
      "original": {
        "owner": "edolstra",
        "repo": "flake-compat",
        "type": "github"
      }
    },
    "flake-compat_2": {
      "flake": false,
      "locked": {
        "lastModified": 1696426674,
        "narHash": "sha256-kvjfFW7WAETZlt09AgDn1MrtKzP7t90Vf7vypd3OL1U=",
        "owner": "edolstra",
        "repo": "flake-compat",
        "rev": "0f9255e01c2351cc7d116c072cb317785dd33b33",
        "type": "github"
      },
      "original": {
        "owner": "edolstra",
        "repo": "flake-compat",
        "type": "github"
      }
    },
    "flake-utils": {
      "inputs": {
        "systems": "systems"
      },
      "locked": {
        "lastModified": 1726560853,
        "narHash": "sha256-X6rJYSESBVr3hBoH0WbKE5KvhPU5bloyZ2L4K60/fPQ=",
        "owner": "numtide",
        "repo": "flake-utils",
        "rev": "c1dfcf08411b08f6b8615f7d8971a2bfa81d5e8a",
        "type": "github"
      },
      "original": {
        "owner": "numtide",
        "repo": "flake-utils",
        "type": "github"
      }
    },
    "gitignore": {
      "inputs": {
        "nixpkgs": [
          "pre-commit-hooks",
          "nixpkgs"
        ]
      },
      "locked": {
        "lastModified": 1709087332,
        "narHash": "sha256-HG2cCnktfHsKV0s4XW83gU3F57gaTljL9KNSuG6bnQs=",
        "owner": "hercules-ci",
        "repo": "gitignore.nix",
        "rev": "637db329424fd7e46cf4185293b9cc8c88c95394",
        "type": "github"
      },
      "original": {
        "owner": "hercules-ci",
        "repo": "gitignore.nix",
        "type": "github"
      }
    },
    "hls": {
      "inputs": {
        "flake-compat": "flake-compat_2",
        "flake-utils": [
          "ihaskell",
          "flake-utils"
        ],
        "nixpkgs": "nixpkgs"
      },
      "locked": {
        "lastModified": 1729794995,
        "narHash": "sha256-amcdTAnCQopOjdQdlFiTIoaSngBigXlAG9QvQYuhy4A=",
        "owner": "haskell",
        "repo": "haskell-language-server",
        "rev": "d923d827af0f06986b91a03f437ca403e8f2bee4",
        "type": "github"
      },
      "original": {
        "owner": "haskell",
        "repo": "haskell-language-server",
        "type": "github"
      }
    },
    "ihaskell": {
      "inputs": {
        "flake-utils": [
          "flake-utils"
        ],
        "hls": "hls",
        "nix-filter": "nix-filter",
        "nixpkgs24_05": "nixpkgs24_05",
        "nixpkgsMaster": "nixpkgsMaster"
      },
      "locked": {
        "lastModified": 1730035137,
        "narHash": "sha256-fIwztNLo6Uu3CohG0ttCj0jjUJy55cQrzFCPqS0TKN4=",
        "owner": "ihaskell",
        "repo": "ihaskell",
        "rev": "c414ee58a6c66d66b104075e9345e0c31ac3b45f",
        "type": "github"
      },
      "original": {
        "owner": "ihaskell",
        "repo": "ihaskell",
        "type": "github"
      }
    },
    "mirage-opam-overlays": {
      "flake": false,
      "locked": {
        "lastModified": 1661959605,
        "narHash": "sha256-CPTuhYML3F4J58flfp3ZbMNhkRkVFKmBEYBZY5tnQwA=",
        "owner": "dune-universe",
        "repo": "mirage-opam-overlays",
        "rev": "05f1c1823d891ce4d8adab91f5db3ac51d86dc0b",
        "type": "github"
      },
      "original": {
        "owner": "dune-universe",
        "repo": "mirage-opam-overlays",
        "type": "github"
      }
    },
    "nix-dart": {
      "inputs": {
        "flake-utils": [
          "flake-utils"
        ],
        "nixpkgs": [
          "nixpkgs"
        ],
        "pub2nix": "pub2nix"
      },
      "locked": {
        "lastModified": 1673740150,
        "narHash": "sha256-JiZrr75JILHW7IaNW3MwpYn+084Q6/gnXScPR7Pozhs=",
        "owner": "djacu",
        "repo": "nix-dart",
        "rev": "8ee4e1a5ec0cc6c1e15860c4733f741485e8231e",
        "type": "github"
      },
      "original": {
        "owner": "djacu",
        "repo": "nix-dart",
        "type": "github"
      }
    },
    "nix-filter": {
      "locked": {
        "lastModified": 1710156097,
        "narHash": "sha256-1Wvk8UP7PXdf8bCCaEoMnOT1qe5/Duqgj+rL8sRQsSM=",
        "owner": "numtide",
        "repo": "nix-filter",
        "rev": "3342559a24e85fc164b295c3444e8a139924675b",
        "type": "github"
      },
      "original": {
        "owner": "numtide",
        "repo": "nix-filter",
        "type": "github"
      }
    },
    "nix-github-actions": {
      "inputs": {
        "nixpkgs": [
          "poetry2nix",
          "nixpkgs"
        ]
      },
      "locked": {
        "lastModified": 1729742964,
        "narHash": "sha256-B4mzTcQ0FZHdpeWcpDYPERtyjJd/NIuaQ9+BV1h+MpA=",
        "owner": "nix-community",
        "repo": "nix-github-actions",
        "rev": "e04df33f62cdcf93d73e9a04142464753a16db67",
        "type": "github"
      },
      "original": {
        "owner": "nix-community",
        "repo": "nix-github-actions",
        "type": "github"
      }
    },
    "nixpkgs": {
      "locked": {
        "lastModified": 1718149104,
        "narHash": "sha256-Ds1QpobBX2yoUDx9ZruqVGJ/uQPgcXoYuobBguyKEh8=",
        "owner": "NixOS",
        "repo": "nixpkgs",
        "rev": "e913ae340076bbb73d9f4d3d065c2bca7caafb16",
        "type": "github"
      },
      "original": {
        "owner": "NixOS",
        "ref": "nixpkgs-unstable",
        "repo": "nixpkgs",
        "type": "github"
      }
    },
    "nixpkgs-stable": {
      "locked": {
        "lastModified": 1730137625,
        "narHash": "sha256-9z8oOgFZiaguj+bbi3k4QhAD6JabWrnv7fscC/mt0KE=",
        "owner": "nixos",
        "repo": "nixpkgs",
        "rev": "64b80bfb316b57cdb8919a9110ef63393d74382a",
        "type": "github"
      },
      "original": {
        "owner": "nixos",
        "ref": "nixos-24.05",
        "repo": "nixpkgs",
        "type": "github"
      }
    },
    "nixpkgs-stable_2": {
      "locked": {
        "lastModified": 1720386169,
        "narHash": "sha256-NGKVY4PjzwAa4upkGtAMz1npHGoRzWotlSnVlqI40mo=",
        "owner": "NixOS",
        "repo": "nixpkgs",
        "rev": "194846768975b7ad2c4988bdb82572c00222c0d7",
        "type": "github"
      },
      "original": {
        "owner": "NixOS",
        "ref": "nixos-24.05",
        "repo": "nixpkgs",
        "type": "github"
      }
    },
    "nixpkgs24_05": {
      "locked": {
        "lastModified": 1729973466,
        "narHash": "sha256-knnVBGfTCZlQgxY1SgH0vn2OyehH9ykfF8geZgS95bk=",
        "owner": "NixOS",
        "repo": "nixpkgs",
        "rev": "cd3e8833d70618c4eea8df06f95b364b016d4950",
        "type": "github"
      },
      "original": {
        "owner": "NixOS",
        "ref": "release-24.05",
        "repo": "nixpkgs",
        "type": "github"
      }
    },
    "nixpkgsMaster": {
      "locked": {
        "lastModified": 1729992932,
        "narHash": "sha256-ZY1qoI8sdcheYWrVqwfQzqwKY31qe76brLz89snKVt4=",
        "owner": "NixOS",
        "repo": "nixpkgs",
        "rev": "d31617bedffa3e5fe067feba1c68b1a7f644cb4f",
        "type": "github"
      },
      "original": {
        "owner": "NixOS",
        "ref": "master",
        "repo": "nixpkgs",
        "type": "github"
      }
    },
    "nixpkgs_2": {
      "locked": {
        "lastModified": 1730200266,
        "narHash": "sha256-l253w0XMT8nWHGXuXqyiIC/bMvh1VRszGXgdpQlfhvU=",
        "owner": "nixos",
        "repo": "nixpkgs",
        "rev": "807e9154dcb16384b1b765ebe9cd2bba2ac287fd",
        "type": "github"
      },
      "original": {
        "owner": "nixos",
        "ref": "nixos-unstable",
        "repo": "nixpkgs",
        "type": "github"
      }
    },
    "npmlock2nix": {
      "flake": false,
      "locked": {
        "lastModified": 1673447413,
        "narHash": "sha256-sJM82Sj8yfQYs9axEmGZ9Evzdv/kDcI9sddqJ45frrU=",
        "owner": "nix-community",
        "repo": "npmlock2nix",
        "rev": "9197bbf397d76059a76310523d45df10d2e4ca81",
        "type": "github"
      },
      "original": {
        "owner": "nix-community",
        "repo": "npmlock2nix",
        "type": "github"
      }
    },
    "opam-nix": {
      "inputs": {
        "flake-compat": [],
        "flake-utils": [
          "flake-utils"
        ],
        "mirage-opam-overlays": "mirage-opam-overlays",
        "nixpkgs": [
          "nixpkgs"
        ],
        "opam-overlays": "opam-overlays",
        "opam-repository": "opam-repository",
        "opam2json": "opam2json"
      },
      "locked": {
        "lastModified": 1716292162,
        "narHash": "sha256-UOJNCbqvxABD56JZtZkv3C9ufdqrs7/Ep4AKkCHgPuo=",
        "owner": "tweag",
        "repo": "opam-nix",
        "rev": "1d3cbd6d3f247db77cb581c88c9a1d72e4acad60",
        "type": "github"
      },
      "original": {
        "owner": "tweag",
        "repo": "opam-nix",
        "type": "github"
      }
    },
    "opam-overlays": {
      "flake": false,
      "locked": {
        "lastModified": 1654162756,
        "narHash": "sha256-RV68fUK+O3zTx61iiHIoS0LvIk0E4voMp+0SwRg6G6c=",
        "owner": "dune-universe",
        "repo": "opam-overlays",
        "rev": "c8f6ef0fc5272f254df4a971a47de7848cc1c8a4",
        "type": "github"
      },
      "original": {
        "owner": "dune-universe",
        "repo": "opam-overlays",
        "type": "github"
      }
    },
    "opam-repository": {
      "flake": false,
      "locked": {
        "lastModified": 1705008664,
        "narHash": "sha256-TTjTal49QK2U0yVOmw6rJhTGYM7tnj3Kv9DiEEiLt7E=",
        "owner": "ocaml",
        "repo": "opam-repository",
        "rev": "fa77046c6497f8ca32926acdb7eb1e61777d4c17",
        "type": "github"
      },
      "original": {
        "owner": "ocaml",
        "repo": "opam-repository",
        "type": "github"
      }
    },
    "opam2json": {
      "inputs": {
        "nixpkgs": [
          "opam-nix",
          "nixpkgs"
        ]
      },
      "locked": {
        "lastModified": 1671540003,
        "narHash": "sha256-5pXfbUfpVABtKbii6aaI2EdAZTjHJ2QntEf0QD2O5AM=",
        "owner": "tweag",
        "repo": "opam2json",
        "rev": "819d291ea95e271b0e6027679de6abb4d4f7f680",
        "type": "github"
      },
      "original": {
        "owner": "tweag",
        "repo": "opam2json",
        "type": "github"
      }
    },
    "poetry2nix": {
      "inputs": {
        "flake-utils": [
          "flake-utils"
        ],
        "nix-github-actions": "nix-github-actions",
        "nixpkgs": [
          "nixpkgs"
        ],
        "systems": "systems_2",
        "treefmt-nix": []
      },
      "locked": {
        "lastModified": 1730284601,
        "narHash": "sha256-eHYcKVLIRRv3J1vjmxurS6HVdGphB53qxUeAkylYrZY=",
        "owner": "nix-community",
        "repo": "poetry2nix",
        "rev": "43a898b4d76f7f3f70df77a2cc2d40096bc9d75e",
        "type": "github"
      },
      "original": {
        "owner": "nix-community",
        "repo": "poetry2nix",
        "type": "github"
      }
    },
    "pre-commit-hooks": {
      "inputs": {
        "flake-compat": [],
        "gitignore": "gitignore",
        "nixpkgs": [
          "nixpkgs"
        ],
        "nixpkgs-stable": "nixpkgs-stable_2"
      },
      "locked": {
        "lastModified": 1730302582,
        "narHash": "sha256-W1MIJpADXQCgosJZT8qBYLRuZls2KSiKdpnTVdKBuvU=",
        "owner": "cachix",
        "repo": "pre-commit-hooks.nix",
        "rev": "af8a16fe5c264f5e9e18bcee2859b40a656876cf",
        "type": "github"
      },
      "original": {
        "owner": "cachix",
        "repo": "pre-commit-hooks.nix",
        "type": "github"
      }
    },
    "pub2nix": {
      "flake": false,
      "locked": {
        "lastModified": 1594192744,
        "narHash": "sha256-pDvcXSG1Mh2BpwkqAcNDJzcupV3pIAAtZJLfkiHMAz4=",
        "owner": "paulyoung",
        "repo": "pub2nix",
        "rev": "0c7ecca590fcd1616db8c6468f799ffef36c85e9",
        "type": "github"
      },
      "original": {
        "owner": "paulyoung",
        "repo": "pub2nix",
        "type": "github"
      }
    },
    "root": {
      "inputs": {
        "flake-compat": "flake-compat",
        "flake-utils": "flake-utils",
        "ihaskell": "ihaskell",
        "nix-dart": "nix-dart",
        "nixpkgs": "nixpkgs_2",
        "nixpkgs-stable": "nixpkgs-stable",
        "npmlock2nix": "npmlock2nix",
        "opam-nix": "opam-nix",
        "poetry2nix": "poetry2nix",
        "pre-commit-hooks": "pre-commit-hooks",
        "rust-overlay": "rust-overlay"
      }
    },
    "rust-overlay": {
      "inputs": {
        "nixpkgs": [
          "nixpkgs"
        ]
      },
      "locked": {
        "lastModified": 1730341826,
        "narHash": "sha256-RFaeY7EWzXOmAL2IQEACbnrEza3TgD5UQApHR4hGHhY=",
        "owner": "oxalica",
        "repo": "rust-overlay",
        "rev": "815d1b3ee71716fc91a7bd149801e1f04d45fbc5",
        "type": "github"
      },
      "original": {
        "owner": "oxalica",
        "repo": "rust-overlay",
        "type": "github"
      }
    },
    "systems": {
      "locked": {
        "lastModified": 1681028828,
        "narHash": "sha256-Vy1rq5AaRuLzOxct8nz4T6wlgyUR7zLU309k9mBC768=",
        "owner": "nix-systems",
        "repo": "default",
        "rev": "da67096a3b9bf56a91d16901293e51ba5b49a27e",
        "type": "github"
      },
      "original": {
        "owner": "nix-systems",
        "repo": "default",
        "type": "github"
      }
    },
    "systems_2": {
      "locked": {
        "lastModified": 1681028828,
        "narHash": "sha256-Vy1rq5AaRuLzOxct8nz4T6wlgyUR7zLU309k9mBC768=",
        "owner": "nix-systems",
        "repo": "default",
        "rev": "da67096a3b9bf56a91d16901293e51ba5b49a27e",
        "type": "github"
      },
      "original": {
        "id": "systems",
        "type": "indirect"
      }
    }
  },
  "root": "root",
  "version": 7
}
